
Microsoft Visual Studio Solution File, Format Version 12.00
# Visual Studio Version 17
VisualStudioVersion = 17.6.33815.320
MinimumVisualStudioVersion = 10.0.40219.1
Project("{FAE04EC0-301F-11D3-BF4B-00C04F79EFBC}") = "Conday-4 ass-1", "Conday-4 ass-1.csproj", "{03B8EDF0-B5FF-4137-8EDA-49F6380660E6}"
EndProject
Global
	GlobalSection(SolutionConfigurationPlatforms) = preSolution
		Debug|Any CPU = Debug|Any CPU
		Release|Any CPU = Release|Any CPU
	EndGlobalSection
	GlobalSection(ProjectConfigurationPlatforms) = postSolution
		{03B8EDF0-B5FF-4137-8EDA-49F6380660E6}.Debug|Any CPU.ActiveCfg = Debug|Any CPU
		{03B8EDF0-B5FF-4137-8EDA-49F6380660E6}.Debug|Any CPU.Build.0 = Debug|Any CPU
		{03B8EDF0-B5FF-4137-8EDA-49F6380660E6}.Release|Any CPU.ActiveCfg = Release|Any CPU
		{03B8EDF0-B5FF-4137-8EDA-49F6380660E6}.Release|Any CPU.Build.0 = Release|Any CPU
	EndGlobalSection
	GlobalSection(SolutionProperties) = preSolution
		HideSolutionNode = FALSE
	EndGlobalSection
	GlobalSection(ExtensibilityGlobals) = postSolution
		SolutionGuid = {F8F58089-783E-41FC-9115-FE060F08E71B}
	EndGlobalSection
EndGlobal
